// !$*UTF8*$!
{
 archiveVersion = 1; classes = {}; objectVersion = 56;
 objects = {
  A00000000000000000000001 = {isa = PBXProject; buildConfigurationList = A00000000000000000000002; compatibilityVersion = "Xcode 14.0"; developmentRegion = cs; knownRegions = (cs, en, Base); mainGroup = A00000000000000000000003; productRefGroup = A00000000000000000000004; projectDirPath = ""; projectRoot = ""; targets = (A00000000000000000000005,B00000000000000000000001); };
  A00000000000000000000002 = {isa = XCConfigurationList; buildConfigurations = (A00000000000000000000006,A00000000000000000000007); defaultConfigurationIsVisible = 0; defaultConfigurationName = Release; };
  A00000000000000000000003 = {isa = PBXGroup; children = (A00000000000000000000010,A00000000000000000000011,A00000000000000000000012,A00000000000000000000013,A00000000000000000000004); sourceTree = "<group>"; };
  A00000000000000000000004 = {isa = PBXGroup; children = (A00000000000000000000014); name = Products; sourceTree = "<group>"; };
  A00000000000000000000005 = {isa = PBXNativeTarget; buildConfigurationList = A00000000000000000000008; buildPhases = (A00000000000000000000020,A00000000000000000000021,A00000000000000000000022); buildRules = (); dependencies = (); name = PrdelPrototype; productName = PrdelPrototype; productReference = A00000000000000000000014; productType = "com.apple.product-type.application"; };
  A00000000000000000000006 = {isa = XCBuildConfiguration; buildSettings = {SDKROOT = iphoneos; IPHONEOS_DEPLOYMENT_TARGET = 17.0; SWIFT_VERSION = 5.0; CLANG_ENABLE_MODULES = YES; DEBUG_INFORMATION_FORMAT = dwarf; }; name = Debug; };
  A00000000000000000000007 = {isa = XCBuildConfiguration; buildSettings = {SDKROOT = iphoneos; IPHONEOS_DEPLOYMENT_TARGET = 17.0; SWIFT_VERSION = 5.0; CLANG_ENABLE_MODULES = YES; SWIFT_OPTIMIZATION_LEVEL = "-O"; }; name = Release; };
  A00000000000000000000008 = {isa = XCConfigurationList; buildConfigurations = (A00000000000000000000009,A0000000000000000000000A); defaultConfigurationIsVisible = 0; defaultConfigurationName = Release; };
  A00000000000000000000009 = {isa = XCBuildConfiguration; buildSettings = {PRODUCT_BUNDLE_IDENTIFIER = cz.urbanradovan.prdelsveta.prototype; PRODUCT_NAME = "$(TARGET_NAME)"; INFOPLIST_FILE = Info.plist; CODE_SIGN_STYLE = Automatic; TARGETED_DEVICE_FAMILY = 1; SUPPORTED_PLATFORMS = "iphoneos iphonesimulator"; ENABLE_USER_SCRIPT_SANDBOXING = YES; SWIFT_OPTIMIZATION_LEVEL = "-Onone"; SWIFT_ACTIVE_COMPILATION_CONDITIONS = DEBUG; }; name = Debug; };
  A0000000000000000000000A = {isa = XCBuildConfiguration; buildSettings = {PRODUCT_BUNDLE_IDENTIFIER = cz.urbanradovan.prdelsveta.prototype; PRODUCT_NAME = "$(TARGET_NAME)"; INFOPLIST_FILE = Info.plist; CODE_SIGN_STYLE = Automatic; TARGETED_DEVICE_FAMILY = 1; SUPPORTED_PLATFORMS = "iphoneos iphonesimulator"; ENABLE_USER_SCRIPT_SANDBOXING = YES; }; name = Release; };
  A00000000000000000000010 = {isa = PBXFileReference; lastKnownFileType = sourcecode.swift; path = Sources/PrototypeApp.swift; sourceTree = "<group>"; };
  A00000000000000000000011 = {isa = PBXFileReference; lastKnownFileType = sourcecode.swift; path = Sources/PrototypeData.swift; sourceTree = "<group>"; };
  A00000000000000000000012 = {isa = PBXFileReference; lastKnownFileType = sourcecode.swift; path = Sources/RunScene.swift; sourceTree = "<group>"; };
  A00000000000000000000013 = {isa = PBXFileReference; lastKnownFileType = folder; path = GameData; sourceTree = "<group>"; };
  A00000000000000000000014 = {isa = PBXFileReference; explicitFileType = wrapper.application; path = PrdelPrototype.app; sourceTree = BUILT_PRODUCTS_DIR; };
  A00000000000000000000020 = {isa = PBXSourcesBuildPhase; buildActionMask = 2147483647; files = (A00000000000000000000030,A00000000000000000000031,A00000000000000000000032); runOnlyForDeploymentPostprocessing = 0; };
  A00000000000000000000021 = {isa = PBXFrameworksBuildPhase; buildActionMask = 2147483647; files = (); runOnlyForDeploymentPostprocessing = 0; };
  A00000000000000000000022 = {isa = PBXResourcesBuildPhase; buildActionMask = 2147483647; files = (A00000000000000000000033); runOnlyForDeploymentPostprocessing = 0; };
  A00000000000000000000030 = {isa = PBXBuildFile; fileRef = A00000000000000000000010; };
  A00000000000000000000031 = {isa = PBXBuildFile; fileRef = A00000000000000000000011; };
  A00000000000000000000032 = {isa = PBXBuildFile; fileRef = A00000000000000000000012; };
  A00000000000000000000033 = {isa = PBXBuildFile; fileRef = A00000000000000000000013; };
  B00000000000000000000001 = {isa = PBXNativeTarget; buildConfigurationList = B00000000000000000000002; buildPhases = (B00000000000000000000005); buildRules = (); dependencies = (B00000000000000000000009); name = PrototypeUITests; productName = PrototypeUITests; productReference = B00000000000000000000008; productType = "com.apple.product-type.bundle.ui-testing"; };
  B00000000000000000000002 = {isa = XCConfigurationList; buildConfigurations = (B00000000000000000000003,B00000000000000000000004); defaultConfigurationIsVisible = 0; defaultConfigurationName = Release; };
  B00000000000000000000003 = {isa = XCBuildConfiguration; buildSettings = {PRODUCT_NAME = "$(TARGET_NAME)"; PRODUCT_BUNDLE_IDENTIFIER = cz.urbanradovan.prdelsveta.prototype.uitests; GENERATE_INFOPLIST_FILE = YES; TARGETED_DEVICE_FAMILY = 1; TEST_TARGET_NAME = PrdelPrototype; CODE_SIGN_STYLE = Automatic; }; name = Debug; };
  B00000000000000000000004 = {isa = XCBuildConfiguration; buildSettings = {PRODUCT_NAME = "$(TARGET_NAME)"; PRODUCT_BUNDLE_IDENTIFIER = cz.urbanradovan.prdelsveta.prototype.uitests; GENERATE_INFOPLIST_FILE = YES; TARGETED_DEVICE_FAMILY = 1; TEST_TARGET_NAME = PrdelPrototype; CODE_SIGN_STYLE = Automatic; }; name = Release; };
  B00000000000000000000005 = {isa = PBXSourcesBuildPhase; buildActionMask = 2147483647; files = (B00000000000000000000006); runOnlyForDeploymentPostprocessing = 0; };
  B00000000000000000000006 = {isa = PBXBuildFile; fileRef = B00000000000000000000007; };
  B00000000000000000000007 = {isa = PBXFileReference; lastKnownFileType = sourcecode.swift; path = Tests/PrototypeUITests.swift; sourceTree = SOURCE_ROOT; };
  B00000000000000000000008 = {isa = PBXFileReference; explicitFileType = wrapper.cfbundle; path = PrototypeUITests.xctest; sourceTree = BUILT_PRODUCTS_DIR; };
  B00000000000000000000009 = {isa = PBXTargetDependency; target = A00000000000000000000005; };
 };
 rootObject = A00000000000000000000001;
}
